
Microsoft Visual Studio Solution File, Format Version 12.00
# Visual Studio Version 17
VisualStudioVersion = 17.1.32228.430
MinimumVisualStudioVersion = 10.0.40219.1
Project("{F184B08F-C81C-45F6-A57F-5ABD9991F28F}") = "ProgressBar", "ProgressBar.vbproj", "{36D92095-C5E4-435D-887E-BC57B19D4D30}"
EndProject
Global
	GlobalSection(SolutionConfigurationPlatforms) = preSolution
		Debug|Any CPU = Debug|Any CPU
		Release|Any CPU = Release|Any CPU
	EndGlobalSection
	GlobalSection(ProjectConfigurationPlatforms) = postSolution
		{36D92095-C5E4-435D-887E-BC57B19D4D30}.Debug|Any CPU.ActiveCfg = Debug|Any CPU
		{36D92095-C5E4-435D-887E-BC57B19D4D30}.Debug|Any CPU.Build.0 = Debug|Any CPU
		{36D92095-C5E4-435D-887E-BC57B19D4D30}.Release|Any CPU.ActiveCfg = Release|Any CPU
		{36D92095-C5E4-435D-887E-BC57B19D4D30}.Release|Any CPU.Build.0 = Release|Any CPU
	EndGlobalSection
	GlobalSection(SolutionProperties) = preSolution
		HideSolutionNode = FALSE
	EndGlobalSection
	GlobalSection(ExtensibilityGlobals) = postSolution
		SolutionGuid = {6E852DED-8970-440D-B91C-E7EB992CCBBA}
	EndGlobalSection
EndGlobal
